
Microsoft Visual Studio Solution File, Format Version 12.00
# Visual Studio Version 17
VisualStudioVersion = 17.4.33213.308
MinimumVisualStudioVersion = 10.0.40219.1
Project("{FAE04EC0-301F-11D3-BF4B-00C04F79EFBC}") = "ExercicioEntrevista2", "ExercicioEntrevista2\ExercicioEntrevista2.csproj", "{69D4EC37-0179-4796-9624-6D313205556C}"
EndProject
Global
	GlobalSection(SolutionConfigurationPlatforms) = preSolution
		Debug|Any CPU = Debug|Any CPU
		Release|Any CPU = Release|Any CPU
	EndGlobalSection
	GlobalSection(ProjectConfigurationPlatforms) = postSolution
		{69D4EC37-0179-4796-9624-6D313205556C}.Debug|Any CPU.ActiveCfg = Debug|Any CPU
		{69D4EC37-0179-4796-9624-6D313205556C}.Debug|Any CPU.Build.0 = Debug|Any CPU
		{69D4EC37-0179-4796-9624-6D313205556C}.Release|Any CPU.ActiveCfg = Release|Any CPU
		{69D4EC37-0179-4796-9624-6D313205556C}.Release|Any CPU.Build.0 = Release|Any CPU
	EndGlobalSection
	GlobalSection(SolutionProperties) = preSolution
		HideSolutionNode = FALSE
	EndGlobalSection
	GlobalSection(ExtensibilityGlobals) = postSolution
		SolutionGuid = {B0768CC7-C309-40A7-B486-EBB169BCE4CD}
	EndGlobalSection
EndGlobal
